
Microsoft Visual Studio Solution File, Format Version 12.00
# Visual Studio 15
VisualStudioVersion = 15.0.28307.271
MinimumVisualStudioVersion = 10.0.40219.1
Project("{FAE04EC0-301F-11D3-BF4B-00C04F79EFBC}") = "GNW.ILS.WinForms", "GNW.ILS.WinForms\GNW.ILS.WinForms.csproj", "{9B13EC87-E875-458E-8230-306055EAE36C}"
EndProject
Project("{FAE04EC0-301F-11D3-BF4B-00C04F79EFBC}") = "GNW.ILS.WPF", "GNW.ILS.WPF\GNW.ILS.WPF.csproj", "{5ABD84A6-7590-40D4-9C64-AED7C881CBFE}"
EndProject
Project("{9A19103F-16F7-4668-BE54-9A1E7A4F7556}") = "GNW.ILS.WebApi", "GNW.ILS.WebApi\GNW.ILS.WebApi.csproj", "{4AA7E3F0-075E-413A-827B-F730ECC4EB5C}"
EndProject
Project("{FAE04EC0-301F-11D3-BF4B-00C04F79EFBC}") = "GNW.ILS.DAL.Entity", "GNW.ILS.DAL.Entity\GNW.ILS.DAL.Entity.csproj", "{A6FE7DA0-06B7-4203-A47E-FAA73927332A}"
EndProject
Project("{FAE04EC0-301F-11D3-BF4B-00C04F79EFBC}") = "GNW.ILS.DAL.Contract", "GNW.ILS.DAL.Contract\GNW.ILS.DAL.Contract.csproj", "{9530C955-7749-4C4B-A78E-A14AE2650CBF}"
EndProject
Project("{FAE04EC0-301F-11D3-BF4B-00C04F79EFBC}") = "GNW.ILS.DAL", "GNW.ILS.DAL\GNW.ILS.DAL.csproj", "{76AA2C8C-9946-4D99-8B39-D9D9CC5C9BE0}"
EndProject
Project("{FAE04EC0-301F-11D3-BF4B-00C04F79EFBC}") = "GNW.ILS.Core", "GNW.ILS.Core\GNW.ILS.Core.csproj", "{8FDAF4AF-4B79-4929-B65F-44F8EC6023C0}"
EndProject
Project("{FAE04EC0-301F-11D3-BF4B-00C04F79EFBC}") = "GNW.ILS.BL", "GNW.ILS.BL\GNW.ILS.BL.csproj", "{C1D1AB50-68CA-48CD-8D08-1DEFF23C1B0B}"
EndProject
Project("{FAE04EC0-301F-11D3-BF4B-00C04F79EFBC}") = "GNW.ILS.API.Contract", "GNW.ILS.API.Contract\GNW.ILS.API.Contract.csproj", "{59FED9C8-B9B0-48A7-A240-D737B95FACCB}"
EndProject
Project("{FAE04EC0-301F-11D3-BF4B-00C04F79EFBC}") = "GNW.ILS.API", "GNW.ILS.API\GNW.ILS.API.csproj", "{4B305CDC-9A53-41C3-A560-E7A838F812F6}"
EndProject
Project("{2150E333-8FDC-42A3-9474-1A3956D46DE8}") = "Controls", "Controls", "{B348BC14-D7E0-4CBA-B1D8-E3F45709FDDD}"
EndProject
Project("{FAE04EC0-301F-11D3-BF4B-00C04F79EFBC}") = "MessageControl", "Controls\MessageControl\MessageControl.csproj", "{5F274919-380B-4774-9580-724AF691869C}"
EndProject
Project("{FAE04EC0-301F-11D3-BF4B-00C04F79EFBC}") = "GNW.ILS.Service.DocumentTranslator", "GNW.ILS.Service.DocumentTranslator\GNW.ILS.Service.DocumentTranslator.csproj", "{76D6643F-BAE2-4E60-A140-52EA75E42C34}"
EndProject
Global
	GlobalSection(SolutionConfigurationPlatforms) = preSolution
		Debug|Any CPU = Debug|Any CPU
		Debug|x86 = Debug|x86
		Release|Any CPU = Release|Any CPU
		Release|x86 = Release|x86
	EndGlobalSection
	GlobalSection(ProjectConfigurationPlatforms) = postSolution
		{9B13EC87-E875-458E-8230-306055EAE36C}.Debug|Any CPU.ActiveCfg = Debug|Any CPU
		{9B13EC87-E875-458E-8230-306055EAE36C}.Debug|Any CPU.Build.0 = Debug|Any CPU
		{9B13EC87-E875-458E-8230-306055EAE36C}.Debug|x86.ActiveCfg = Debug|Any CPU
		{9B13EC87-E875-458E-8230-306055EAE36C}.Debug|x86.Build.0 = Debug|Any CPU
		{9B13EC87-E875-458E-8230-306055EAE36C}.Release|Any CPU.ActiveCfg = Release|Any CPU
		{9B13EC87-E875-458E-8230-306055EAE36C}.Release|Any CPU.Build.0 = Release|Any CPU
		{9B13EC87-E875-458E-8230-306055EAE36C}.Release|x86.ActiveCfg = Release|Any CPU
		{9B13EC87-E875-458E-8230-306055EAE36C}.Release|x86.Build.0 = Release|Any CPU
		{5ABD84A6-7590-40D4-9C64-AED7C881CBFE}.Debug|Any CPU.ActiveCfg = Debug|Any CPU
		{5ABD84A6-7590-40D4-9C64-AED7C881CBFE}.Debug|Any CPU.Build.0 = Debug|Any CPU
		{5ABD84A6-7590-40D4-9C64-AED7C881CBFE}.Debug|x86.ActiveCfg = Debug|Any CPU
		{5ABD84A6-7590-40D4-9C64-AED7C881CBFE}.Debug|x86.Build.0 = Debug|Any CPU
		{5ABD84A6-7590-40D4-9C64-AED7C881CBFE}.Release|Any CPU.ActiveCfg = Release|Any CPU
		{5ABD84A6-7590-40D4-9C64-AED7C881CBFE}.Release|Any CPU.Build.0 = Release|Any CPU
		{5ABD84A6-7590-40D4-9C64-AED7C881CBFE}.Release|x86.ActiveCfg = Release|Any CPU
		{5ABD84A6-7590-40D4-9C64-AED7C881CBFE}.Release|x86.Build.0 = Release|Any CPU
		{4AA7E3F0-075E-413A-827B-F730ECC4EB5C}.Debug|Any CPU.ActiveCfg = Debug|Any CPU
		{4AA7E3F0-075E-413A-827B-F730ECC4EB5C}.Debug|Any CPU.Build.0 = Debug|Any CPU
		{4AA7E3F0-075E-413A-827B-F730ECC4EB5C}.Debug|x86.ActiveCfg = Debug|Any CPU
		{4AA7E3F0-075E-413A-827B-F730ECC4EB5C}.Debug|x86.Build.0 = Debug|Any CPU
		{4AA7E3F0-075E-413A-827B-F730ECC4EB5C}.Release|Any CPU.ActiveCfg = Release|Any CPU
		{4AA7E3F0-075E-413A-827B-F730ECC4EB5C}.Release|Any CPU.Build.0 = Release|Any CPU
		{4AA7E3F0-075E-413A-827B-F730ECC4EB5C}.Release|x86.ActiveCfg = Release|Any CPU
		{4AA7E3F0-075E-413A-827B-F730ECC4EB5C}.Release|x86.Build.0 = Release|Any CPU
		{A6FE7DA0-06B7-4203-A47E-FAA73927332A}.Debug|Any CPU.ActiveCfg = Debug|Any CPU
		{A6FE7DA0-06B7-4203-A47E-FAA73927332A}.Debug|Any CPU.Build.0 = Debug|Any CPU
		{A6FE7DA0-06B7-4203-A47E-FAA73927332A}.Debug|x86.ActiveCfg = Debug|Any CPU
		{A6FE7DA0-06B7-4203-A47E-FAA73927332A}.Debug|x86.Build.0 = Debug|Any CPU
		{A6FE7DA0-06B7-4203-A47E-FAA73927332A}.Release|Any CPU.ActiveCfg = Release|Any CPU
		{A6FE7DA0-06B7-4203-A47E-FAA73927332A}.Release|Any CPU.Build.0 = Release|Any CPU
		{A6FE7DA0-06B7-4203-A47E-FAA73927332A}.Release|x86.ActiveCfg = Release|Any CPU
		{A6FE7DA0-06B7-4203-A47E-FAA73927332A}.Release|x86.Build.0 = Release|Any CPU
		{9530C955-7749-4C4B-A78E-A14AE2650CBF}.Debug|Any CPU.ActiveCfg = Debug|Any CPU
		{9530C955-7749-4C4B-A78E-A14AE2650CBF}.Debug|Any CPU.Build.0 = Debug|Any CPU
		{9530C955-7749-4C4B-A78E-A14AE2650CBF}.Debug|x86.ActiveCfg = Debug|Any CPU
		{9530C955-7749-4C4B-A78E-A14AE2650CBF}.Debug|x86.Build.0 = Debug|Any CPU
		{9530C955-7749-4C4B-A78E-A14AE2650CBF}.Release|Any CPU.ActiveCfg = Release|Any CPU
		{9530C955-7749-4C4B-A78E-A14AE2650CBF}.Release|Any CPU.Build.0 = Release|Any CPU
		{9530C955-7749-4C4B-A78E-A14AE2650CBF}.Release|x86.ActiveCfg = Release|Any CPU
		{9530C955-7749-4C4B-A78E-A14AE2650CBF}.Release|x86.Build.0 = Release|Any CPU
		{76AA2C8C-9946-4D99-8B39-D9D9CC5C9BE0}.Debug|Any CPU.ActiveCfg = Debug|Any CPU
		{76AA2C8C-9946-4D99-8B39-D9D9CC5C9BE0}.Debug|Any CPU.Build.0 = Debug|Any CPU
		{76AA2C8C-9946-4D99-8B39-D9D9CC5C9BE0}.Debug|x86.ActiveCfg = Debug|Any CPU
		{76AA2C8C-9946-4D99-8B39-D9D9CC5C9BE0}.Debug|x86.Build.0 = Debug|Any CPU
		{76AA2C8C-9946-4D99-8B39-D9D9CC5C9BE0}.Release|Any CPU.ActiveCfg = Release|Any CPU
		{76AA2C8C-9946-4D99-8B39-D9D9CC5C9BE0}.Release|Any CPU.Build.0 = Release|Any CPU
		{76AA2C8C-9946-4D99-8B39-D9D9CC5C9BE0}.Release|x86.ActiveCfg = Release|Any CPU
		{76AA2C8C-9946-4D99-8B39-D9D9CC5C9BE0}.Release|x86.Build.0 = Release|Any CPU
		{8FDAF4AF-4B79-4929-B65F-44F8EC6023C0}.Debug|Any CPU.ActiveCfg = Debug|Any CPU
		{8FDAF4AF-4B79-4929-B65F-44F8EC6023C0}.Debug|Any CPU.Build.0 = Debug|Any CPU
		{8FDAF4AF-4B79-4929-B65F-44F8EC6023C0}.Debug|x86.ActiveCfg = Debug|Any CPU
		{8FDAF4AF-4B79-4929-B65F-44F8EC6023C0}.Debug|x86.Build.0 = Debug|Any CPU
		{8FDAF4AF-4B79-4929-B65F-44F8EC6023C0}.Release|Any CPU.ActiveCfg = Release|Any CPU
		{8FDAF4AF-4B79-4929-B65F-44F8EC6023C0}.Release|Any CPU.Build.0 = Release|Any CPU
		{8FDAF4AF-4B79-4929-B65F-44F8EC6023C0}.Release|x86.ActiveCfg = Release|Any CPU
		{8FDAF4AF-4B79-4929-B65F-44F8EC6023C0}.Release|x86.Build.0 = Release|Any CPU
		{C1D1AB50-68CA-48CD-8D08-1DEFF23C1B0B}.Debug|Any CPU.ActiveCfg = Debug|Any CPU
		{C1D1AB50-68CA-48CD-8D08-1DEFF23C1B0B}.Debug|Any CPU.Build.0 = Debug|Any CPU
		{C1D1AB50-68CA-48CD-8D08-1DEFF23C1B0B}.Debug|x86.ActiveCfg = Debug|Any CPU
		{C1D1AB50-68CA-48CD-8D08-1DEFF23C1B0B}.Debug|x86.Build.0 = Debug|Any CPU
		{C1D1AB50-68CA-48CD-8D08-1DEFF23C1B0B}.Release|Any CPU.ActiveCfg = Release|Any CPU
		{C1D1AB50-68CA-48CD-8D08-1DEFF23C1B0B}.Release|Any CPU.Build.0 = Release|Any CPU
		{C1D1AB50-68CA-48CD-8D08-1DEFF23C1B0B}.Release|x86.ActiveCfg = Release|Any CPU
		{C1D1AB50-68CA-48CD-8D08-1DEFF23C1B0B}.Release|x86.Build.0 = Release|Any CPU
		{59FED9C8-B9B0-48A7-A240-D737B95FACCB}.Debug|Any CPU.ActiveCfg = Debug|Any CPU
		{59FED9C8-B9B0-48A7-A240-D737B95FACCB}.Debug|Any CPU.Build.0 = Debug|Any CPU
		{59FED9C8-B9B0-48A7-A240-D737B95FACCB}.Debug|x86.ActiveCfg = Debug|Any CPU
		{59FED9C8-B9B0-48A7-A240-D737B95FACCB}.Debug|x86.Build.0 = Debug|Any CPU
		{59FED9C8-B9B0-48A7-A240-D737B95FACCB}.Release|Any CPU.ActiveCfg = Release|Any CPU
		{59FED9C8-B9B0-48A7-A240-D737B95FACCB}.Release|Any CPU.Build.0 = Release|Any CPU
		{59FED9C8-B9B0-48A7-A240-D737B95FACCB}.Release|x86.ActiveCfg = Release|Any CPU
		{59FED9C8-B9B0-48A7-A240-D737B95FACCB}.Release|x86.Build.0 = Release|Any CPU
		{4B305CDC-9A53-41C3-A560-E7A838F812F6}.Debug|Any CPU.ActiveCfg = Debug|Any CPU
		{4B305CDC-9A53-41C3-A560-E7A838F812F6}.Debug|Any CPU.Build.0 = Debug|Any CPU
		{4B305CDC-9A53-41C3-A560-E7A838F812F6}.Debug|x86.ActiveCfg = Debug|Any CPU
		{4B305CDC-9A53-41C3-A560-E7A838F812F6}.Debug|x86.Build.0 = Debug|Any CPU
		{4B305CDC-9A53-41C3-A560-E7A838F812F6}.Release|Any CPU.ActiveCfg = Release|Any CPU
		{4B305CDC-9A53-41C3-A560-E7A838F812F6}.Release|Any CPU.Build.0 = Release|Any CPU
		{4B305CDC-9A53-41C3-A560-E7A838F812F6}.Release|x86.ActiveCfg = Release|Any CPU
		{4B305CDC-9A53-41C3-A560-E7A838F812F6}.Release|x86.Build.0 = Release|Any CPU
		{5F274919-380B-4774-9580-724AF691869C}.Debug|Any CPU.ActiveCfg = Debug|Any CPU
		{5F274919-380B-4774-9580-724AF691869C}.Debug|Any CPU.Build.0 = Debug|Any CPU
		{5F274919-380B-4774-9580-724AF691869C}.Debug|x86.ActiveCfg = Debug|x86
		{5F274919-380B-4774-9580-724AF691869C}.Debug|x86.Build.0 = Debug|x86
		{5F274919-380B-4774-9580-724AF691869C}.Release|Any CPU.ActiveCfg = Release|Any CPU
		{5F274919-380B-4774-9580-724AF691869C}.Release|Any CPU.Build.0 = Release|Any CPU
		{5F274919-380B-4774-9580-724AF691869C}.Release|x86.ActiveCfg = Release|x86
		{5F274919-380B-4774-9580-724AF691869C}.Release|x86.Build.0 = Release|x86
		{76D6643F-BAE2-4E60-A140-52EA75E42C34}.Debug|Any CPU.ActiveCfg = Debug|Any CPU
		{76D6643F-BAE2-4E60-A140-52EA75E42C34}.Debug|Any CPU.Build.0 = Debug|Any CPU
		{76D6643F-BAE2-4E60-A140-52EA75E42C34}.Debug|x86.ActiveCfg = Debug|Any CPU
		{76D6643F-BAE2-4E60-A140-52EA75E42C34}.Debug|x86.Build.0 = Debug|Any CPU
		{76D6643F-BAE2-4E60-A140-52EA75E42C34}.Release|Any CPU.ActiveCfg = Release|Any CPU
		{76D6643F-BAE2-4E60-A140-52EA75E42C34}.Release|Any CPU.Build.0 = Release|Any CPU
		{76D6643F-BAE2-4E60-A140-52EA75E42C34}.Release|x86.ActiveCfg = Release|Any CPU
		{76D6643F-BAE2-4E60-A140-52EA75E42C34}.Release|x86.Build.0 = Release|Any CPU
	EndGlobalSection
	GlobalSection(SolutionProperties) = preSolution
		HideSolutionNode = FALSE
	EndGlobalSection
	GlobalSection(NestedProjects) = preSolution
		{5F274919-380B-4774-9580-724AF691869C} = {B348BC14-D7E0-4CBA-B1D8-E3F45709FDDD}
	EndGlobalSection
	GlobalSection(ExtensibilityGlobals) = postSolution
		SolutionGuid = {DB022FB5-2E60-4658-9BB6-66F23333AD80}
	EndGlobalSection
EndGlobal
